
Microsoft Visual Studio Solution File, Format Version 12.00
# Visual Studio Version 16
VisualStudioVersion = 16.0.29418.71
MinimumVisualStudioVersion = 10.0.40219.1
Project("{FAE04EC0-301F-11D3-BF4B-00C04F79EFBC}") = "PrintRFIDLabelFromMailSubject", "PrintRFIDLabelFromMailSubject\PrintRFIDLabelFromMailSubject.csproj", "{F2CAEC62-8F78-431A-B0C0-07FFDD0395AF}"
EndProject
Global
	GlobalSection(SolutionConfigurationPlatforms) = preSolution
		Debug|Any CPU = Debug|Any CPU
		Release|Any CPU = Release|Any CPU
	EndGlobalSection
	GlobalSection(ProjectConfigurationPlatforms) = postSolution
		{F2CAEC62-8F78-431A-B0C0-07FFDD0395AF}.Debug|Any CPU.ActiveCfg = Debug|Any CPU
		{F2CAEC62-8F78-431A-B0C0-07FFDD0395AF}.Debug|Any CPU.Build.0 = Debug|Any CPU
		{F2CAEC62-8F78-431A-B0C0-07FFDD0395AF}.Release|Any CPU.ActiveCfg = Release|Any CPU
		{F2CAEC62-8F78-431A-B0C0-07FFDD0395AF}.Release|Any CPU.Build.0 = Release|Any CPU
	EndGlobalSection
	GlobalSection(SolutionProperties) = preSolution
		HideSolutionNode = FALSE
	EndGlobalSection
	GlobalSection(ExtensibilityGlobals) = postSolution
		SolutionGuid = {0B0525A5-3D33-4CEC-9E34-A5513903E109}
	EndGlobalSection
EndGlobal
